
Microsoft Visual Studio Solution File, Format Version 12.00
# Visual Studio Version 16
VisualStudioVersion = 16.0.31025.194
MinimumVisualStudioVersion = 10.0.40219.1
Project("{FAE04EC0-301F-11D3-BF4B-00C04F79EFBC}") = "WebDemo", "WebDemo\WebDemo.csproj", "{D0933115-25F0-4A00-9A42-D338ED81D391}"
EndProject
Global
	GlobalSection(SolutionConfigurationPlatforms) = preSolution
		Debug|Any CPU = Debug|Any CPU
		Release|Any CPU = Release|Any CPU
	EndGlobalSection
	GlobalSection(ProjectConfigurationPlatforms) = postSolution
		{D0933115-25F0-4A00-9A42-D338ED81D391}.Debug|Any CPU.ActiveCfg = Debug|Any CPU
		{D0933115-25F0-4A00-9A42-D338ED81D391}.Debug|Any CPU.Build.0 = Debug|Any CPU
		{D0933115-25F0-4A00-9A42-D338ED81D391}.Release|Any CPU.ActiveCfg = Release|Any CPU
		{D0933115-25F0-4A00-9A42-D338ED81D391}.Release|Any CPU.Build.0 = Release|Any CPU
	EndGlobalSection
	GlobalSection(SolutionProperties) = preSolution
		HideSolutionNode = FALSE
	EndGlobalSection
	GlobalSection(ExtensibilityGlobals) = postSolution
		SolutionGuid = {70E7A77D-47FF-4C06-A9FC-EEAD4C2357D0}
	EndGlobalSection
EndGlobal
